
Microsoft Visual Studio Solution File, Format Version 12.00
# Visual Studio Version 17
VisualStudioVersion = 17.2.32616.157
MinimumVisualStudioVersion = 10.0.40219.1
Project("{9A19103F-16F7-4668-BE54-9A1E7A4F7556}") = "FullDuplex", "FullDuplex\FullDuplex.csproj", "{C8A7BD1A-AACE-4395-919D-8B2497FAB7DB}"
EndProject
Project("{9A19103F-16F7-4668-BE54-9A1E7A4F7556}") = "WPFClient", "WPFClient\WPFClient.csproj", "{CF10F36D-B20B-4B1D-A649-C012F2A1EF41}"
	ProjectSection(ProjectDependencies) = postProject
		{C8A7BD1A-AACE-4395-919D-8B2497FAB7DB} = {C8A7BD1A-AACE-4395-919D-8B2497FAB7DB}
	EndProjectSection
EndProject
Project("{9A19103F-16F7-4668-BE54-9A1E7A4F7556}") = "SharedProject", "SharedProject\SharedProject.csproj", "{BF26536E-518B-4BE6-A1CF-6C4A93F5AC85}"
EndProject
Project("{54435603-DBB4-11D2-8724-00A0C9A8B90C}") = "ClientSetup", "ClientSetup\ClientSetup.vdproj", "{A9F768D5-7315-4B4C-BD2C-E64B6D61387B}"
EndProject
Project("{FAE04EC0-301F-11D3-BF4B-00C04F79EFBC}") = "WPFClient2", "WPFClient2\WPFClient2.csproj", "{3185F8D6-C3DE-4727-9761-E359EC18047B}"
	ProjectSection(ProjectDependencies) = postProject
		{BF26536E-518B-4BE6-A1CF-6C4A93F5AC85} = {BF26536E-518B-4BE6-A1CF-6C4A93F5AC85}
	EndProjectSection
EndProject
Global
	GlobalSection(SolutionConfigurationPlatforms) = preSolution
		aa|Any CPU = aa|Any CPU
		aa|ARM64 = aa|ARM64
		aa|x64 = aa|x64
		aa|x86 = aa|x86
		Debug|Any CPU = Debug|Any CPU
		Debug|ARM64 = Debug|ARM64
		Debug|x64 = Debug|x64
		Debug|x86 = Debug|x86
		Release|Any CPU = Release|Any CPU
		Release|ARM64 = Release|ARM64
		Release|x64 = Release|x64
		Release|x86 = Release|x86
	EndGlobalSection
	GlobalSection(ProjectConfigurationPlatforms) = postSolution
		{C8A7BD1A-AACE-4395-919D-8B2497FAB7DB}.aa|Any CPU.ActiveCfg = aa|Any CPU
		{C8A7BD1A-AACE-4395-919D-8B2497FAB7DB}.aa|Any CPU.Build.0 = aa|Any CPU
		{C8A7BD1A-AACE-4395-919D-8B2497FAB7DB}.aa|ARM64.ActiveCfg = aa|ARM64
		{C8A7BD1A-AACE-4395-919D-8B2497FAB7DB}.aa|ARM64.Build.0 = aa|ARM64
		{C8A7BD1A-AACE-4395-919D-8B2497FAB7DB}.aa|x64.ActiveCfg = aa|x64
		{C8A7BD1A-AACE-4395-919D-8B2497FAB7DB}.aa|x64.Build.0 = aa|x64
		{C8A7BD1A-AACE-4395-919D-8B2497FAB7DB}.aa|x86.ActiveCfg = aa|Any CPU
		{C8A7BD1A-AACE-4395-919D-8B2497FAB7DB}.aa|x86.Build.0 = aa|Any CPU
		{C8A7BD1A-AACE-4395-919D-8B2497FAB7DB}.Debug|Any CPU.ActiveCfg = Debug|Any CPU
		{C8A7BD1A-AACE-4395-919D-8B2497FAB7DB}.Debug|Any CPU.Build.0 = Debug|Any CPU
		{C8A7BD1A-AACE-4395-919D-8B2497FAB7DB}.Debug|ARM64.ActiveCfg = Debug|ARM64
		{C8A7BD1A-AACE-4395-919D-8B2497FAB7DB}.Debug|ARM64.Build.0 = Debug|ARM64
		{C8A7BD1A-AACE-4395-919D-8B2497FAB7DB}.Debug|x64.ActiveCfg = Release|x64
		{C8A7BD1A-AACE-4395-919D-8B2497FAB7DB}.Debug|x64.Build.0 = Release|x64
		{C8A7BD1A-AACE-4395-919D-8B2497FAB7DB}.Debug|x86.ActiveCfg = Debug|Any CPU
		{C8A7BD1A-AACE-4395-919D-8B2497FAB7DB}.Debug|x86.Build.0 = Debug|Any CPU
		{C8A7BD1A-AACE-4395-919D-8B2497FAB7DB}.Release|Any CPU.ActiveCfg = Release|Any CPU
		{C8A7BD1A-AACE-4395-919D-8B2497FAB7DB}.Release|Any CPU.Build.0 = Release|Any CPU
		{C8A7BD1A-AACE-4395-919D-8B2497FAB7DB}.Release|ARM64.ActiveCfg = Release|ARM64
		{C8A7BD1A-AACE-4395-919D-8B2497FAB7DB}.Release|ARM64.Build.0 = Release|ARM64
		{C8A7BD1A-AACE-4395-919D-8B2497FAB7DB}.Release|x64.ActiveCfg = Release|x64
		{C8A7BD1A-AACE-4395-919D-8B2497FAB7DB}.Release|x64.Build.0 = Release|x64
		{C8A7BD1A-AACE-4395-919D-8B2497FAB7DB}.Release|x86.ActiveCfg = Release|Any CPU
		{C8A7BD1A-AACE-4395-919D-8B2497FAB7DB}.Release|x86.Build.0 = Release|Any CPU
		{CF10F36D-B20B-4B1D-A649-C012F2A1EF41}.aa|Any CPU.ActiveCfg = aa|Any CPU
		{CF10F36D-B20B-4B1D-A649-C012F2A1EF41}.aa|Any CPU.Build.0 = aa|Any CPU
		{CF10F36D-B20B-4B1D-A649-C012F2A1EF41}.aa|ARM64.ActiveCfg = aa|ARM64
		{CF10F36D-B20B-4B1D-A649-C012F2A1EF41}.aa|ARM64.Build.0 = aa|ARM64
		{CF10F36D-B20B-4B1D-A649-C012F2A1EF41}.aa|x64.ActiveCfg = aa|x64
		{CF10F36D-B20B-4B1D-A649-C012F2A1EF41}.aa|x64.Build.0 = aa|x64
		{CF10F36D-B20B-4B1D-A649-C012F2A1EF41}.aa|x86.ActiveCfg = aa|Any CPU
		{CF10F36D-B20B-4B1D-A649-C012F2A1EF41}.aa|x86.Build.0 = aa|Any CPU
		{CF10F36D-B20B-4B1D-A649-C012F2A1EF41}.Debug|Any CPU.ActiveCfg = Debug|Any CPU
		{CF10F36D-B20B-4B1D-A649-C012F2A1EF41}.Debug|Any CPU.Build.0 = Debug|Any CPU
		{CF10F36D-B20B-4B1D-A649-C012F2A1EF41}.Debug|ARM64.ActiveCfg = Debug|ARM64
		{CF10F36D-B20B-4B1D-A649-C012F2A1EF41}.Debug|ARM64.Build.0 = Debug|ARM64
		{CF10F36D-B20B-4B1D-A649-C012F2A1EF41}.Debug|x64.ActiveCfg = Release|x64
		{CF10F36D-B20B-4B1D-A649-C012F2A1EF41}.Debug|x64.Build.0 = Release|x64
		{CF10F36D-B20B-4B1D-A649-C012F2A1EF41}.Debug|x86.ActiveCfg = Debug|Any CPU
		{CF10F36D-B20B-4B1D-A649-C012F2A1EF41}.Debug|x86.Build.0 = Debug|Any CPU
		{CF10F36D-B20B-4B1D-A649-C012F2A1EF41}.Release|Any CPU.ActiveCfg = Release|Any CPU
		{CF10F36D-B20B-4B1D-A649-C012F2A1EF41}.Release|Any CPU.Build.0 = Release|Any CPU
		{CF10F36D-B20B-4B1D-A649-C012F2A1EF41}.Release|ARM64.ActiveCfg = Release|ARM64
		{CF10F36D-B20B-4B1D-A649-C012F2A1EF41}.Release|ARM64.Build.0 = Release|ARM64
		{CF10F36D-B20B-4B1D-A649-C012F2A1EF41}.Release|x64.ActiveCfg = Release|x64
		{CF10F36D-B20B-4B1D-A649-C012F2A1EF41}.Release|x64.Build.0 = Release|x64
		{CF10F36D-B20B-4B1D-A649-C012F2A1EF41}.Release|x86.ActiveCfg = Release|Any CPU
		{CF10F36D-B20B-4B1D-A649-C012F2A1EF41}.Release|x86.Build.0 = Release|Any CPU
		{BF26536E-518B-4BE6-A1CF-6C4A93F5AC85}.aa|Any CPU.ActiveCfg = aa|Any CPU
		{BF26536E-518B-4BE6-A1CF-6C4A93F5AC85}.aa|Any CPU.Build.0 = aa|Any CPU
		{BF26536E-518B-4BE6-A1CF-6C4A93F5AC85}.aa|ARM64.ActiveCfg = aa|ARM64
		{BF26536E-518B-4BE6-A1CF-6C4A93F5AC85}.aa|ARM64.Build.0 = aa|ARM64
		{BF26536E-518B-4BE6-A1CF-6C4A93F5AC85}.aa|x64.ActiveCfg = aa|x64
		{BF26536E-518B-4BE6-A1CF-6C4A93F5AC85}.aa|x64.Build.0 = aa|x64
		{BF26536E-518B-4BE6-A1CF-6C4A93F5AC85}.aa|x86.ActiveCfg = aa|Any CPU
		{BF26536E-518B-4BE6-A1CF-6C4A93F5AC85}.aa|x86.Build.0 = aa|Any CPU
		{BF26536E-518B-4BE6-A1CF-6C4A93F5AC85}.Debug|Any CPU.ActiveCfg = Debug|Any CPU
		{BF26536E-518B-4BE6-A1CF-6C4A93F5AC85}.Debug|Any CPU.Build.0 = Debug|Any CPU
		{BF26536E-518B-4BE6-A1CF-6C4A93F5AC85}.Debug|ARM64.ActiveCfg = Debug|ARM64
		{BF26536E-518B-4BE6-A1CF-6C4A93F5AC85}.Debug|ARM64.Build.0 = Debug|ARM64
		{BF26536E-518B-4BE6-A1CF-6C4A93F5AC85}.Debug|x64.ActiveCfg = Release|x64
		{BF26536E-518B-4BE6-A1CF-6C4A93F5AC85}.Debug|x64.Build.0 = Release|x64
		{BF26536E-518B-4BE6-A1CF-6C4A93F5AC85}.Debug|x86.ActiveCfg = Debug|Any CPU
		{BF26536E-518B-4BE6-A1CF-6C4A93F5AC85}.Debug|x86.Build.0 = Debug|Any CPU
		{BF26536E-518B-4BE6-A1CF-6C4A93F5AC85}.Release|Any CPU.ActiveCfg = Release|Any CPU
		{BF26536E-518B-4BE6-A1CF-6C4A93F5AC85}.Release|Any CPU.Build.0 = Release|Any CPU
		{BF26536E-518B-4BE6-A1CF-6C4A93F5AC85}.Release|ARM64.ActiveCfg = Release|ARM64
		{BF26536E-518B-4BE6-A1CF-6C4A93F5AC85}.Release|ARM64.Build.0 = Release|ARM64
		{BF26536E-518B-4BE6-A1CF-6C4A93F5AC85}.Release|x64.ActiveCfg = Release|x64
		{BF26536E-518B-4BE6-A1CF-6C4A93F5AC85}.Release|x64.Build.0 = Release|x64
		{BF26536E-518B-4BE6-A1CF-6C4A93F5AC85}.Release|x86.ActiveCfg = Release|Any CPU
		{BF26536E-518B-4BE6-A1CF-6C4A93F5AC85}.Release|x86.Build.0 = Release|Any CPU
		{A9F768D5-7315-4B4C-BD2C-E64B6D61387B}.aa|Any CPU.ActiveCfg = Release
		{A9F768D5-7315-4B4C-BD2C-E64B6D61387B}.aa|Any CPU.Build.0 = Release
		{A9F768D5-7315-4B4C-BD2C-E64B6D61387B}.aa|ARM64.ActiveCfg = Debug
		{A9F768D5-7315-4B4C-BD2C-E64B6D61387B}.aa|x64.ActiveCfg = Debug
		{A9F768D5-7315-4B4C-BD2C-E64B6D61387B}.aa|x86.ActiveCfg = Debug
		{A9F768D5-7315-4B4C-BD2C-E64B6D61387B}.Debug|Any CPU.ActiveCfg = Debug
		{A9F768D5-7315-4B4C-BD2C-E64B6D61387B}.Debug|Any CPU.Build.0 = Debug
		{A9F768D5-7315-4B4C-BD2C-E64B6D61387B}.Debug|ARM64.ActiveCfg = Debug
		{A9F768D5-7315-4B4C-BD2C-E64B6D61387B}.Debug|x64.ActiveCfg = Debug
		{A9F768D5-7315-4B4C-BD2C-E64B6D61387B}.Debug|x86.ActiveCfg = Debug
		{A9F768D5-7315-4B4C-BD2C-E64B6D61387B}.Release|Any CPU.ActiveCfg = Release
		{A9F768D5-7315-4B4C-BD2C-E64B6D61387B}.Release|Any CPU.Build.0 = Release
		{A9F768D5-7315-4B4C-BD2C-E64B6D61387B}.Release|ARM64.ActiveCfg = Release
		{A9F768D5-7315-4B4C-BD2C-E64B6D61387B}.Release|x64.ActiveCfg = Release
		{A9F768D5-7315-4B4C-BD2C-E64B6D61387B}.Release|x86.ActiveCfg = Release
		{3185F8D6-C3DE-4727-9761-E359EC18047B}.aa|Any CPU.ActiveCfg = Debug|Any CPU
		{3185F8D6-C3DE-4727-9761-E359EC18047B}.aa|Any CPU.Build.0 = Debug|Any CPU
		{3185F8D6-C3DE-4727-9761-E359EC18047B}.aa|ARM64.ActiveCfg = Debug|Any CPU
		{3185F8D6-C3DE-4727-9761-E359EC18047B}.aa|ARM64.Build.0 = Debug|Any CPU
		{3185F8D6-C3DE-4727-9761-E359EC18047B}.aa|x64.ActiveCfg = Debug|Any CPU
		{3185F8D6-C3DE-4727-9761-E359EC18047B}.aa|x64.Build.0 = Debug|Any CPU
		{3185F8D6-C3DE-4727-9761-E359EC18047B}.aa|x86.ActiveCfg = Debug|Any CPU
		{3185F8D6-C3DE-4727-9761-E359EC18047B}.aa|x86.Build.0 = Debug|Any CPU
		{3185F8D6-C3DE-4727-9761-E359EC18047B}.Debug|Any CPU.ActiveCfg = Debug|Any CPU
		{3185F8D6-C3DE-4727-9761-E359EC18047B}.Debug|Any CPU.Build.0 = Debug|Any CPU
		{3185F8D6-C3DE-4727-9761-E359EC18047B}.Debug|ARM64.ActiveCfg = Debug|Any CPU
		{3185F8D6-C3DE-4727-9761-E359EC18047B}.Debug|ARM64.Build.0 = Debug|Any CPU
		{3185F8D6-C3DE-4727-9761-E359EC18047B}.Debug|x64.ActiveCfg = Debug|Any CPU
		{3185F8D6-C3DE-4727-9761-E359EC18047B}.Debug|x64.Build.0 = Debug|Any CPU
		{3185F8D6-C3DE-4727-9761-E359EC18047B}.Debug|x86.ActiveCfg = Debug|Any CPU
		{3185F8D6-C3DE-4727-9761-E359EC18047B}.Debug|x86.Build.0 = Debug|Any CPU
		{3185F8D6-C3DE-4727-9761-E359EC18047B}.Release|Any CPU.ActiveCfg = Release|Any CPU
		{3185F8D6-C3DE-4727-9761-E359EC18047B}.Release|Any CPU.Build.0 = Release|Any CPU
		{3185F8D6-C3DE-4727-9761-E359EC18047B}.Release|ARM64.ActiveCfg = Release|Any CPU
		{3185F8D6-C3DE-4727-9761-E359EC18047B}.Release|ARM64.Build.0 = Release|Any CPU
		{3185F8D6-C3DE-4727-9761-E359EC18047B}.Release|x64.ActiveCfg = Release|Any CPU
		{3185F8D6-C3DE-4727-9761-E359EC18047B}.Release|x64.Build.0 = Release|Any CPU
		{3185F8D6-C3DE-4727-9761-E359EC18047B}.Release|x86.ActiveCfg = Release|Any CPU
		{3185F8D6-C3DE-4727-9761-E359EC18047B}.Release|x86.Build.0 = Release|Any CPU
	EndGlobalSection
	GlobalSection(SolutionProperties) = preSolution
		HideSolutionNode = FALSE
	EndGlobalSection
	GlobalSection(ExtensibilityGlobals) = postSolution
		SolutionGuid = {AC2F7DB4-F001-431F-9365-FEC6F0219D42}
	EndGlobalSection
EndGlobal
